
Microsoft Visual Studio Solution File, Format Version 12.00
# Visual Studio Version 17
VisualStudioVersion = 17.11.35303.130
MinimumVisualStudioVersion = 10.0.40219.1
Project("{2150E333-8FDC-42A3-9474-1A3956D46DE8}") = "Task0", "Task0", "{05643A05-0455-4581-83D2-F178D45E2ACF}"
EndProject
Project("{9A19103F-16F7-4668-BE54-9A1E7A4F7556}") = "Tyuiu.AbramushkinAN.Sprint5.Task0.V19", "Tyuiu.AbramushkinAN.Sprint5.Task0.V19\Tyuiu.AbramushkinAN.Sprint5.Task0.V19.csproj", "{6DB47661-2E20-4DD4-AC15-94A8A69875FA}"
EndProject
Project("{9A19103F-16F7-4668-BE54-9A1E7A4F7556}") = "Tyuiu.AbramushkinAN.Sprint5.Task0.V19.Lib", "Tyuiu.AbramushkinAN.Sprint5.Task0.V19.Lib\Tyuiu.AbramushkinAN.Sprint5.Task0.V19.Lib.csproj", "{AD8DA831-ECB2-448D-A355-4AA02D96344C}"
EndProject
Project("{9A19103F-16F7-4668-BE54-9A1E7A4F7556}") = "Tyuiu.AbramushkinAN.Sprint5.Task0.V19.Test", "Tyuiu.AbramushkinAN.Sprint5.Task0.V19.Test\Tyuiu.AbramushkinAN.Sprint5.Task0.V19.Test.csproj", "{13E0D90A-75EB-4C8E-802F-7917DA3F2B0F}"
EndProject
Project("{2150E333-8FDC-42A3-9474-1A3956D46DE8}") = "Task1", "Task1", "{C266E9B6-1155-4191-92F7-9A399BECB925}"
EndProject
Project("{9A19103F-16F7-4668-BE54-9A1E7A4F7556}") = "Tyuiu.AbramushkinAN.Sprint5.Task1.V27", "Tyuiu.AbramushkinAN.Sprint5.Task1.V27\Tyuiu.AbramushkinAN.Sprint5.Task1.V27.csproj", "{DF66D3B5-2A07-4C8D-82DB-252D65D83401}"
EndProject
Project("{9A19103F-16F7-4668-BE54-9A1E7A4F7556}") = "Tyuiu.AbramushkinAN.Sprint5.Task1.V27.Lib", "Tyuiu.AbramushkinAN.Sprint5.Task1.V27.Lib\Tyuiu.AbramushkinAN.Sprint5.Task1.V27.Lib.csproj", "{132D94EA-9CF5-45D1-8CC0-46385BC56B19}"
EndProject
Project("{9A19103F-16F7-4668-BE54-9A1E7A4F7556}") = "Tyuiu.AbramushkinAN.Sprint5.Task1.V27.Test", "Tyuiu.AbramushkinAN.Sprint5.Task1.V27.Test\Tyuiu.AbramushkinAN.Sprint5.Task1.V27.Test.csproj", "{C2D8B927-2C13-49BD-A508-0250138106F9}"
EndProject
Project("{2150E333-8FDC-42A3-9474-1A3956D46DE8}") = "Task2", "Task2", "{C33E7E26-A59E-43F4-9A1D-799105B0742B}"
EndProject
Project("{9A19103F-16F7-4668-BE54-9A1E7A4F7556}") = "Tyuiu.AbramushkinAN.Sprint5.Task2.V6", "Tyuiu.AbramushkinAN.Sprint5.Task2.V6\Tyuiu.AbramushkinAN.Sprint5.Task2.V6.csproj", "{6C6D26C8-2496-4557-8BF1-C25035574809}"
EndProject
Project("{9A19103F-16F7-4668-BE54-9A1E7A4F7556}") = "Tyuiu.AbramushkinAN.Sprint5.Task2.V6.Lib", "Tyuiu.AbramushkinAN.Sprint5.Task2.V6.Lib\Tyuiu.AbramushkinAN.Sprint5.Task2.V6.Lib.csproj", "{F4B3074F-BF79-4203-B814-24B40DAE9F14}"
EndProject
Project("{9A19103F-16F7-4668-BE54-9A1E7A4F7556}") = "Tyuiu.AbramushkinAN.Sprint5.Task2.V6.Test", "Tyuiu.AbramushkinAN.Sprint5.Task2.V6.Test\Tyuiu.AbramushkinAN.Sprint5.Task2.V6.Test.csproj", "{F1FEDB84-FFBA-4B8B-B415-4F21E5767945}"
EndProject
Project("{2150E333-8FDC-42A3-9474-1A3956D46DE8}") = "Task3", "Task3", "{886FAA91-989A-424F-92FA-3B9B54746C39}"
EndProject
Project("{9A19103F-16F7-4668-BE54-9A1E7A4F7556}") = "Tyuiu.AbramushkinAN.Sprint5.Task3.V28", "Tyuiu.AbramushkinAN.Sprint5.Task3.V28\Tyuiu.AbramushkinAN.Sprint5.Task3.V28.csproj", "{E0CD4854-889F-49C3-BF25-E01714E0BCAE}"
EndProject
Project("{9A19103F-16F7-4668-BE54-9A1E7A4F7556}") = "Tyuiu.AbramushkinAN.Sprint5.Task3.V28.Test", "Tyuiu.AbramushkinAN.Sprint5.Task3.V28.Test\Tyuiu.AbramushkinAN.Sprint5.Task3.V28.Test.csproj", "{E8A76F4A-716B-4E9A-96E1-20240E9DE29D}"
EndProject
Project("{9A19103F-16F7-4668-BE54-9A1E7A4F7556}") = "Tyuiu.AbramushkinAN.Sprint5.Task3.V28.Lib", "Tyuiu.AbramushkinAN.Sprint5.Task3.V28.Lib\Tyuiu.AbramushkinAN.Sprint5.Task3.V28.Lib.csproj", "{1968B99F-7504-4714-A050-81CF99922684}"
EndProject
Project("{2150E333-8FDC-42A3-9474-1A3956D46DE8}") = "Task4", "Task4", "{0B4ED7F4-A786-4FCB-8A7D-4E6D96F11505}"
EndProject
Project("{9A19103F-16F7-4668-BE54-9A1E7A4F7556}") = "Tyuiu.AbramushkinAN.Sprint5.Task4.V28", "Tyuiu.AbramushkinAN.Sprint5.Task4.V28\Tyuiu.AbramushkinAN.Sprint5.Task4.V28.csproj", "{5982D1B7-593E-4A11-BD2F-FB3961934C1C}"
EndProject
Project("{9A19103F-16F7-4668-BE54-9A1E7A4F7556}") = "Tyuiu.AbramushkinAN.Sprint5.Task4.V28.Test", "Tyuiu.AbramushkinAN.Sprint5.Task4.V28.Test\Tyuiu.AbramushkinAN.Sprint5.Task4.V28.Test.csproj", "{F52CC24E-BC74-46B1-8CEB-51965DAE4DBF}"
EndProject
Project("{9A19103F-16F7-4668-BE54-9A1E7A4F7556}") = "Tyuiu.AbramushkinAN.Sprint5.Task4.V28.Lib", "Tyuiu.AbramushkinAN.Sprint5.Task4.V28.Lib\Tyuiu.AbramushkinAN.Sprint5.Task4.V28.Lib.csproj", "{B42CF05F-57DD-4948-AF11-BF4CC371BDC8}"
EndProject
Project("{2150E333-8FDC-42A3-9474-1A3956D46DE8}") = "Task5", "Task5", "{B37EA7C1-50D7-4A24-9FF1-C2DBD972BE2E}"
EndProject
Project("{9A19103F-16F7-4668-BE54-9A1E7A4F7556}") = "Tyuiu.AbramushkinAN.Sprint5.Task5.V13", "Tyuiu.AbramushkinAN.Sprint5.Task5.V13\Tyuiu.AbramushkinAN.Sprint5.Task5.V13.csproj", "{79497662-2270-4700-BFF9-87BE515DACD5}"
EndProject
Project("{9A19103F-16F7-4668-BE54-9A1E7A4F7556}") = "Tyuiu.AbramushkinAN.Sprint5.Task5.V13.Test", "Tyuiu.AbramushkinAN.Sprint5.Task5.V13.Test\Tyuiu.AbramushkinAN.Sprint5.Task5.V13.Test.csproj", "{8B178C75-9D95-44C6-9E21-6A91D1C86915}"
EndProject
Project("{9A19103F-16F7-4668-BE54-9A1E7A4F7556}") = "Tyuiu.AbramushkinAN.Sprint5.Task5.V13.Lib", "Tyuiu.AbramushkinAN.Sprint5.Task5.V13.Lib\Tyuiu.AbramushkinAN.Sprint5.Task5.V13.Lib.csproj", "{4622CE93-7BF6-4EE7-91C3-F4F15B31BE27}"
EndProject
Project("{2150E333-8FDC-42A3-9474-1A3956D46DE8}") = "Task6", "Task6", "{29CD9697-343C-4EA6-A991-AABB19749582}"
EndProject
Project("{FAE04EC0-301F-11D3-BF4B-00C04F79EFBC}") = "Tyuiu.AbramushkinAN.Sprint5.Task6.V16", "Tyuiu.AbramushkinAN.Sprint5.Task6.V16\Tyuiu.AbramushkinAN.Sprint5.Task6.V16.csproj", "{0F94BB75-4A6D-4D28-8542-1759AAAB2F02}"
EndProject
Project("{FAE04EC0-301F-11D3-BF4B-00C04F79EFBC}") = "Tyuiu.AbramushkinAN.Sprint5.Task6.V16.Test", "Tyuiu.AbramushkinAN.Sprint5.Task6.V16.Test\Tyuiu.AbramushkinAN.Sprint5.Task6.V16.Test.csproj", "{B8341A5E-317C-49EF-B422-A75B10CFFA4A}"
EndProject
Project("{FAE04EC0-301F-11D3-BF4B-00C04F79EFBC}") = "Tyuiu.AbramushkinAN.Sprint5.Task6.V16.Lib", "Tyuiu.AbramushkinAN.Sprint5.Task6.V16.Lib\Tyuiu.AbramushkinAN.Sprint5.Task6.V16.Lib.csproj", "{30B89676-5CDC-427E-B681-24F4D14A52B0}"
EndProject
Global
	GlobalSection(SolutionConfigurationPlatforms) = preSolution
		Debug|Any CPU = Debug|Any CPU
		Release|Any CPU = Release|Any CPU
	EndGlobalSection
	GlobalSection(ProjectConfigurationPlatforms) = postSolution
		{6DB47661-2E20-4DD4-AC15-94A8A69875FA}.Debug|Any CPU.ActiveCfg = Debug|Any CPU
		{6DB47661-2E20-4DD4-AC15-94A8A69875FA}.Debug|Any CPU.Build.0 = Debug|Any CPU
		{6DB47661-2E20-4DD4-AC15-94A8A69875FA}.Release|Any CPU.ActiveCfg = Release|Any CPU
		{6DB47661-2E20-4DD4-AC15-94A8A69875FA}.Release|Any CPU.Build.0 = Release|Any CPU
		{AD8DA831-ECB2-448D-A355-4AA02D96344C}.Debug|Any CPU.ActiveCfg = Debug|Any CPU
		{AD8DA831-ECB2-448D-A355-4AA02D96344C}.Debug|Any CPU.Build.0 = Debug|Any CPU
		{AD8DA831-ECB2-448D-A355-4AA02D96344C}.Release|Any CPU.ActiveCfg = Release|Any CPU
		{AD8DA831-ECB2-448D-A355-4AA02D96344C}.Release|Any CPU.Build.0 = Release|Any CPU
		{13E0D90A-75EB-4C8E-802F-7917DA3F2B0F}.Debug|Any CPU.ActiveCfg = Debug|Any CPU
		{13E0D90A-75EB-4C8E-802F-7917DA3F2B0F}.Debug|Any CPU.Build.0 = Debug|Any CPU
		{13E0D90A-75EB-4C8E-802F-7917DA3F2B0F}.Release|Any CPU.ActiveCfg = Release|Any CPU
		{13E0D90A-75EB-4C8E-802F-7917DA3F2B0F}.Release|Any CPU.Build.0 = Release|Any CPU
		{DF66D3B5-2A07-4C8D-82DB-252D65D83401}.Debug|Any CPU.ActiveCfg = Debug|Any CPU
		{DF66D3B5-2A07-4C8D-82DB-252D65D83401}.Debug|Any CPU.Build.0 = Debug|Any CPU
		{DF66D3B5-2A07-4C8D-82DB-252D65D83401}.Release|Any CPU.ActiveCfg = Release|Any CPU
		{DF66D3B5-2A07-4C8D-82DB-252D65D83401}.Release|Any CPU.Build.0 = Release|Any CPU
		{132D94EA-9CF5-45D1-8CC0-46385BC56B19}.Debug|Any CPU.ActiveCfg = Debug|Any CPU
		{132D94EA-9CF5-45D1-8CC0-46385BC56B19}.Debug|Any CPU.Build.0 = Debug|Any CPU
		{132D94EA-9CF5-45D1-8CC0-46385BC56B19}.Release|Any CPU.ActiveCfg = Release|Any CPU
		{132D94EA-9CF5-45D1-8CC0-46385BC56B19}.Release|Any CPU.Build.0 = Release|Any CPU
		{C2D8B927-2C13-49BD-A508-0250138106F9}.Debug|Any CPU.ActiveCfg = Debug|Any CPU
		{C2D8B927-2C13-49BD-A508-0250138106F9}.Debug|Any CPU.Build.0 = Debug|Any CPU
		{C2D8B927-2C13-49BD-A508-0250138106F9}.Release|Any CPU.ActiveCfg = Release|Any CPU
		{C2D8B927-2C13-49BD-A508-0250138106F9}.Release|Any CPU.Build.0 = Release|Any CPU
		{6C6D26C8-2496-4557-8BF1-C25035574809}.Debug|Any CPU.ActiveCfg = Debug|Any CPU
		{6C6D26C8-2496-4557-8BF1-C25035574809}.Debug|Any CPU.Build.0 = Debug|Any CPU
		{6C6D26C8-2496-4557-8BF1-C25035574809}.Release|Any CPU.ActiveCfg = Release|Any CPU
		{6C6D26C8-2496-4557-8BF1-C25035574809}.Release|Any CPU.Build.0 = Release|Any CPU
		{F4B3074F-BF79-4203-B814-24B40DAE9F14}.Debug|Any CPU.ActiveCfg = Debug|Any CPU
		{F4B3074F-BF79-4203-B814-24B40DAE9F14}.Debug|Any CPU.Build.0 = Debug|Any CPU
		{F4B3074F-BF79-4203-B814-24B40DAE9F14}.Release|Any CPU.ActiveCfg = Release|Any CPU
		{F4B3074F-BF79-4203-B814-24B40DAE9F14}.Release|Any CPU.Build.0 = Release|Any CPU
		{F1FEDB84-FFBA-4B8B-B415-4F21E5767945}.Debug|Any CPU.ActiveCfg = Debug|Any CPU
		{F1FEDB84-FFBA-4B8B-B415-4F21E5767945}.Debug|Any CPU.Build.0 = Debug|Any CPU
		{F1FEDB84-FFBA-4B8B-B415-4F21E5767945}.Release|Any CPU.ActiveCfg = Release|Any CPU
		{F1FEDB84-FFBA-4B8B-B415-4F21E5767945}.Release|Any CPU.Build.0 = Release|Any CPU
		{E0CD4854-889F-49C3-BF25-E01714E0BCAE}.Debug|Any CPU.ActiveCfg = Debug|Any CPU
		{E0CD4854-889F-49C3-BF25-E01714E0BCAE}.Debug|Any CPU.Build.0 = Debug|Any CPU
		{E0CD4854-889F-49C3-BF25-E01714E0BCAE}.Release|Any CPU.ActiveCfg = Release|Any CPU
		{E0CD4854-889F-49C3-BF25-E01714E0BCAE}.Release|Any CPU.Build.0 = Release|Any CPU
		{E8A76F4A-716B-4E9A-96E1-20240E9DE29D}.Debug|Any CPU.ActiveCfg = Debug|Any CPU
		{E8A76F4A-716B-4E9A-96E1-20240E9DE29D}.Debug|Any CPU.Build.0 = Debug|Any CPU
		{E8A76F4A-716B-4E9A-96E1-20240E9DE29D}.Release|Any CPU.ActiveCfg = Release|Any CPU
		{E8A76F4A-716B-4E9A-96E1-20240E9DE29D}.Release|Any CPU.Build.0 = Release|Any CPU
		{1968B99F-7504-4714-A050-81CF99922684}.Debug|Any CPU.ActiveCfg = Debug|Any CPU
		{1968B99F-7504-4714-A050-81CF99922684}.Debug|Any CPU.Build.0 = Debug|Any CPU
		{1968B99F-7504-4714-A050-81CF99922684}.Release|Any CPU.ActiveCfg = Release|Any CPU
		{1968B99F-7504-4714-A050-81CF99922684}.Release|Any CPU.Build.0 = Release|Any CPU
		{5982D1B7-593E-4A11-BD2F-FB3961934C1C}.Debug|Any CPU.ActiveCfg = Debug|Any CPU
		{5982D1B7-593E-4A11-BD2F-FB3961934C1C}.Debug|Any CPU.Build.0 = Debug|Any CPU
		{5982D1B7-593E-4A11-BD2F-FB3961934C1C}.Release|Any CPU.ActiveCfg = Release|Any CPU
		{5982D1B7-593E-4A11-BD2F-FB3961934C1C}.Release|Any CPU.Build.0 = Release|Any CPU
		{F52CC24E-BC74-46B1-8CEB-51965DAE4DBF}.Debug|Any CPU.ActiveCfg = Debug|Any CPU
		{F52CC24E-BC74-46B1-8CEB-51965DAE4DBF}.Debug|Any CPU.Build.0 = Debug|Any CPU
		{F52CC24E-BC74-46B1-8CEB-51965DAE4DBF}.Release|Any CPU.ActiveCfg = Release|Any CPU
		{F52CC24E-BC74-46B1-8CEB-51965DAE4DBF}.Release|Any CPU.Build.0 = Release|Any CPU
		{B42CF05F-57DD-4948-AF11-BF4CC371BDC8}.Debug|Any CPU.ActiveCfg = Debug|Any CPU
		{B42CF05F-57DD-4948-AF11-BF4CC371BDC8}.Debug|Any CPU.Build.0 = Debug|Any CPU
		{B42CF05F-57DD-4948-AF11-BF4CC371BDC8}.Release|Any CPU.ActiveCfg = Release|Any CPU
		{B42CF05F-57DD-4948-AF11-BF4CC371BDC8}.Release|Any CPU.Build.0 = Release|Any CPU
		{79497662-2270-4700-BFF9-87BE515DACD5}.Debug|Any CPU.ActiveCfg = Debug|Any CPU
		{79497662-2270-4700-BFF9-87BE515DACD5}.Debug|Any CPU.Build.0 = Debug|Any CPU
		{79497662-2270-4700-BFF9-87BE515DACD5}.Release|Any CPU.ActiveCfg = Release|Any CPU
		{79497662-2270-4700-BFF9-87BE515DACD5}.Release|Any CPU.Build.0 = Release|Any CPU
		{8B178C75-9D95-44C6-9E21-6A91D1C86915}.Debug|Any CPU.ActiveCfg = Debug|Any CPU
		{8B178C75-9D95-44C6-9E21-6A91D1C86915}.Debug|Any CPU.Build.0 = Debug|Any CPU
		{8B178C75-9D95-44C6-9E21-6A91D1C86915}.Release|Any CPU.ActiveCfg = Release|Any CPU
		{8B178C75-9D95-44C6-9E21-6A91D1C86915}.Release|Any CPU.Build.0 = Release|Any CPU
		{4622CE93-7BF6-4EE7-91C3-F4F15B31BE27}.Debug|Any CPU.ActiveCfg = Debug|Any CPU
		{4622CE93-7BF6-4EE7-91C3-F4F15B31BE27}.Debug|Any CPU.Build.0 = Debug|Any CPU
		{4622CE93-7BF6-4EE7-91C3-F4F15B31BE27}.Release|Any CPU.ActiveCfg = Release|Any CPU
		{4622CE93-7BF6-4EE7-91C3-F4F15B31BE27}.Release|Any CPU.Build.0 = Release|Any CPU
		{0F94BB75-4A6D-4D28-8542-1759AAAB2F02}.Debug|Any CPU.ActiveCfg = Debug|Any CPU
		{0F94BB75-4A6D-4D28-8542-1759AAAB2F02}.Debug|Any CPU.Build.0 = Debug|Any CPU
		{0F94BB75-4A6D-4D28-8542-1759AAAB2F02}.Release|Any CPU.ActiveCfg = Release|Any CPU
		{0F94BB75-4A6D-4D28-8542-1759AAAB2F02}.Release|Any CPU.Build.0 = Release|Any CPU
		{B8341A5E-317C-49EF-B422-A75B10CFFA4A}.Debug|Any CPU.ActiveCfg = Debug|Any CPU
		{B8341A5E-317C-49EF-B422-A75B10CFFA4A}.Debug|Any CPU.Build.0 = Debug|Any CPU
		{B8341A5E-317C-49EF-B422-A75B10CFFA4A}.Release|Any CPU.ActiveCfg = Release|Any CPU
		{B8341A5E-317C-49EF-B422-A75B10CFFA4A}.Release|Any CPU.Build.0 = Release|Any CPU
		{30B89676-5CDC-427E-B681-24F4D14A52B0}.Debug|Any CPU.ActiveCfg = Debug|Any CPU
		{30B89676-5CDC-427E-B681-24F4D14A52B0}.Debug|Any CPU.Build.0 = Debug|Any CPU
		{30B89676-5CDC-427E-B681-24F4D14A52B0}.Release|Any CPU.ActiveCfg = Release|Any CPU
		{30B89676-5CDC-427E-B681-24F4D14A52B0}.Release|Any CPU.Build.0 = Release|Any CPU
	EndGlobalSection
	GlobalSection(SolutionProperties) = preSolution
		HideSolutionNode = FALSE
	EndGlobalSection
	GlobalSection(NestedProjects) = preSolution
		{6DB47661-2E20-4DD4-AC15-94A8A69875FA} = {05643A05-0455-4581-83D2-F178D45E2ACF}
		{AD8DA831-ECB2-448D-A355-4AA02D96344C} = {05643A05-0455-4581-83D2-F178D45E2ACF}
		{13E0D90A-75EB-4C8E-802F-7917DA3F2B0F} = {05643A05-0455-4581-83D2-F178D45E2ACF}
		{DF66D3B5-2A07-4C8D-82DB-252D65D83401} = {C266E9B6-1155-4191-92F7-9A399BECB925}
		{132D94EA-9CF5-45D1-8CC0-46385BC56B19} = {C266E9B6-1155-4191-92F7-9A399BECB925}
		{C2D8B927-2C13-49BD-A508-0250138106F9} = {C266E9B6-1155-4191-92F7-9A399BECB925}
		{6C6D26C8-2496-4557-8BF1-C25035574809} = {C33E7E26-A59E-43F4-9A1D-799105B0742B}
		{F4B3074F-BF79-4203-B814-24B40DAE9F14} = {C33E7E26-A59E-43F4-9A1D-799105B0742B}
		{F1FEDB84-FFBA-4B8B-B415-4F21E5767945} = {C33E7E26-A59E-43F4-9A1D-799105B0742B}
		{E0CD4854-889F-49C3-BF25-E01714E0BCAE} = {886FAA91-989A-424F-92FA-3B9B54746C39}
		{E8A76F4A-716B-4E9A-96E1-20240E9DE29D} = {886FAA91-989A-424F-92FA-3B9B54746C39}
		{1968B99F-7504-4714-A050-81CF99922684} = {886FAA91-989A-424F-92FA-3B9B54746C39}
		{5982D1B7-593E-4A11-BD2F-FB3961934C1C} = {0B4ED7F4-A786-4FCB-8A7D-4E6D96F11505}
		{F52CC24E-BC74-46B1-8CEB-51965DAE4DBF} = {0B4ED7F4-A786-4FCB-8A7D-4E6D96F11505}
		{B42CF05F-57DD-4948-AF11-BF4CC371BDC8} = {0B4ED7F4-A786-4FCB-8A7D-4E6D96F11505}
		{79497662-2270-4700-BFF9-87BE515DACD5} = {B37EA7C1-50D7-4A24-9FF1-C2DBD972BE2E}
		{8B178C75-9D95-44C6-9E21-6A91D1C86915} = {B37EA7C1-50D7-4A24-9FF1-C2DBD972BE2E}
		{4622CE93-7BF6-4EE7-91C3-F4F15B31BE27} = {B37EA7C1-50D7-4A24-9FF1-C2DBD972BE2E}
		{0F94BB75-4A6D-4D28-8542-1759AAAB2F02} = {29CD9697-343C-4EA6-A991-AABB19749582}
		{B8341A5E-317C-49EF-B422-A75B10CFFA4A} = {29CD9697-343C-4EA6-A991-AABB19749582}
		{30B89676-5CDC-427E-B681-24F4D14A52B0} = {29CD9697-343C-4EA6-A991-AABB19749582}
	EndGlobalSection
	GlobalSection(ExtensibilityGlobals) = postSolution
		SolutionGuid = {FD1344B2-01BB-4A94-82D8-2A75C63C86E3}
	EndGlobalSection
EndGlobal
